// !$*UTF8*$!
{
	archiveVersion = 1;
	classes = {
	};
	objectVersion = 55;
	objects = {

/* Begin PBXBuildFile section */
		56049DCC2AC71DB20019A00D /* Theme.swift in Sources */ = {isa = PBXBuildFile; fileRef = 56049DCB2AC71DB20019A00D /* Theme.swift */; };
		56049DCE2AC724760019A00D /* HomeScreenView.swift in Sources */ = {isa = PBXBuildFile; fileRef = 56049DCD2AC724760019A00D /* HomeScreenView.swift */; };
		563DEA5C2AE938F6001938C7 /* EntityProfileView.swift in Sources */ = {isa = PBXBuildFile; fileRef = 563DEA5B2AE938F6001938C7 /* EntityProfileView.swift */; };
		563DEA5E2AE93B55001938C7 /* SymbolsView.swift in Sources */ = {isa = PBXBuildFile; fileRef = 563DEA5D2AE93B55001938C7 /* SymbolsView.swift */; };
		563DEA602AE94164001938C7 /* Symbol.swift in Sources */ = {isa = PBXBuildFile; fileRef = 563DEA5F2AE94164001938C7 /* Symbol.swift */; };
		566C5E962AEB03C0001B3866 /* JustifiedTextView.swift in Sources */ = {isa = PBXBuildFile; fileRef = 566C5E952AEB03C0001B3866 /* JustifiedTextView.swift */; };
		566EA5E72AC5D61100688D08 /* PraQuemEuRezoApp.swift in Sources */ = {isa = PBXBuildFile; fileRef = 566EA5E62AC5D61100688D08 /* PraQuemEuRezoApp.swift */; };
		566EA5E92AC5D61100688D08 /* ContentView.swift in Sources */ = {isa = PBXBuildFile; fileRef = 566EA5E82AC5D61100688D08 /* ContentView.swift */; };
		566EA5EB2AC5D61300688D08 /* Assets.xcassets in Resources */ = {isa = PBXBuildFile; fileRef = 566EA5EA2AC5D61300688D08 /* Assets.xcassets */; };
		566EA5EE2AC5D61300688D08 /* Preview Assets.xcassets in Resources */ = {isa = PBXBuildFile; fileRef = 566EA5ED2AC5D61300688D08 /* Preview Assets.xcassets */; };
		567471032AEC50990034D00D /* ThemeListRowView.swift in Sources */ = {isa = PBXBuildFile; fileRef = 567471022AEC50990034D00D /* ThemeListRowView.swift */; };
		568A2F5F2AE6A6C40069F686 /* EntityView.swift in Sources */ = {isa = PBXBuildFile; fileRef = 568A2F5E2AE6A6C40069F686 /* EntityView.swift */; };
		568A2F612AE6C33F0069F686 /* TagsView.swift in Sources */ = {isa = PBXBuildFile; fileRef = 568A2F602AE6C33F0069F686 /* TagsView.swift */; };
		56A74CA62AE36FC4007E0904 /* DefaultButtonView.swift in Sources */ = {isa = PBXBuildFile; fileRef = 56A74CA52AE36FC4007E0904 /* DefaultButtonView.swift */; };
		56BFA4732AE3624600AEA8A1 /* MockObjects.swift in Sources */ = {isa = PBXBuildFile; fileRef = 56BFA4722AE3624600AEA8A1 /* MockObjects.swift */; };
		56BFA4752AE3662C00AEA8A1 /* ThemeSelectView.swift in Sources */ = {isa = PBXBuildFile; fileRef = 56BFA4742AE3662C00AEA8A1 /* ThemeSelectView.swift */; };
		56D1A2F02AE4985000DAAA50 /* ThemeListView.swift in Sources */ = {isa = PBXBuildFile; fileRef = 56D1A2EF2AE4985000DAAA50 /* ThemeListView.swift */; };
		56D1A2F22AE4987100DAAA50 /* DefaultThemeView.swift in Sources */ = {isa = PBXBuildFile; fileRef = 56D1A2F12AE4987100DAAA50 /* DefaultThemeView.swift */; };
		56FDE6852AE7142300459630 /* EntitySelectView.swift in Sources */ = {isa = PBXBuildFile; fileRef = 56FDE6842AE7142300459630 /* EntitySelectView.swift */; };
		56FDE6872AE7171D00459630 /* Entity.swift in Sources */ = {isa = PBXBuildFile; fileRef = 56FDE6862AE7171D00459630 /* Entity.swift */; };
		56FDE6892AE7187500459630 /* Group.swift in Sources */ = {isa = PBXBuildFile; fileRef = 56FDE6882AE7187500459630 /* Group.swift */; };
/* End PBXBuildFile section */

/* Begin PBXFileReference section */
		56049DCB2AC71DB20019A00D /* Theme.swift */ = {isa = PBXFileReference; lastKnownFileType = sourcecode.swift; path = Theme.swift; sourceTree = "<group>"; };
		56049DCD2AC724760019A00D /* HomeScreenView.swift */ = {isa = PBXFileReference; lastKnownFileType = sourcecode.swift; path = HomeScreenView.swift; sourceTree = "<group>"; };
		563DEA5B2AE938F6001938C7 /* EntityProfileView.swift */ = {isa = PBXFileReference; lastKnownFileType = sourcecode.swift; path = EntityProfileView.swift; sourceTree = "<group>"; };
		563DEA5D2AE93B55001938C7 /* SymbolsView.swift */ = {isa = PBXFileReference; lastKnownFileType = sourcecode.swift; path = SymbolsView.swift; sourceTree = "<group>"; };
		563DEA5F2AE94164001938C7 /* Symbol.swift */ = {isa = PBXFileReference; lastKnownFileType = sourcecode.swift; path = Symbol.swift; sourceTree = "<group>"; };
		566C5E952AEB03C0001B3866 /* JustifiedTextView.swift */ = {isa = PBXFileReference; lastKnownFileType = sourcecode.swift; path = JustifiedTextView.swift; sourceTree = "<group>"; };
		566EA5E32AC5D61100688D08 /* PraQuemEuRezo.app */ = {isa = PBXFileReference; explicitFileType = wrapper.application; includeInIndex = 0; path = PraQuemEuRezo.app; sourceTree = BUILT_PRODUCTS_DIR; };
		566EA5E62AC5D61100688D08 /* PraQuemEuRezoApp.swift */ = {isa = PBXFileReference; lastKnownFileType = sourcecode.swift; path = PraQuemEuRezoApp.swift; sourceTree = "<group>"; };
		566EA5E82AC5D61100688D08 /* ContentView.swift */ = {isa = PBXFileReference; lastKnownFileType = sourcecode.swift; path = ContentView.swift; sourceTree = "<group>"; };
		566EA5EA2AC5D61300688D08 /* Assets.xcassets */ = {isa = PBXFileReference; lastKnownFileType = folder.assetcatalog; path = Assets.xcassets; sourceTree = "<group>"; };
		566EA5ED2AC5D61300688D08 /* Preview Assets.xcassets */ = {isa = PBXFileReference; lastKnownFileType = folder.assetcatalog; path = "Preview Assets.xcassets"; sourceTree = "<group>"; };
		567471022AEC50990034D00D /* ThemeListRowView.swift */ = {isa = PBXFileReference; lastKnownFileType = sourcecode.swift; path = ThemeListRowView.swift; sourceTree = "<group>"; };
		568A2F5E2AE6A6C40069F686 /* EntityView.swift */ = {isa = PBXFileReference; lastKnownFileType = sourcecode.swift; path = EntityView.swift; sourceTree = "<group>"; };
		568A2F602AE6C33F0069F686 /* TagsView.swift */ = {isa = PBXFileReference; lastKnownFileType = sourcecode.swift; path = TagsView.swift; sourceTree = "<group>"; };
		56A74CA52AE36FC4007E0904 /* DefaultButtonView.swift */ = {isa = PBXFileReference; lastKnownFileType = sourcecode.swift; path = DefaultButtonView.swift; sourceTree = "<group>"; };
		56BFA4722AE3624600AEA8A1 /* MockObjects.swift */ = {isa = PBXFileReference; lastKnownFileType = sourcecode.swift; path = MockObjects.swift; sourceTree = "<group>"; };
		56BFA4742AE3662C00AEA8A1 /* ThemeSelectView.swift */ = {isa = PBXFileReference; lastKnownFileType = sourcecode.swift; path = ThemeSelectView.swift; sourceTree = "<group>"; };
		56D1A2EF2AE4985000DAAA50 /* ThemeListView.swift */ = {isa = PBXFileReference; lastKnownFileType = sourcecode.swift; path = ThemeListView.swift; sourceTree = "<group>"; };
		56D1A2F12AE4987100DAAA50 /* DefaultThemeView.swift */ = {isa = PBXFileReference; lastKnownFileType = sourcecode.swift; path = DefaultThemeView.swift; sourceTree = "<group>"; };
		56FDE6842AE7142300459630 /* EntitySelectView.swift */ = {isa = PBXFileReference; lastKnownFileType = sourcecode.swift; path = EntitySelectView.swift; sourceTree = "<group>"; };
		56FDE6862AE7171D00459630 /* Entity.swift */ = {isa = PBXFileReference; lastKnownFileType = sourcecode.swift; path = Entity.swift; sourceTree = "<group>"; };
		56FDE6882AE7187500459630 /* Group.swift */ = {isa = PBXFileReference; lastKnownFileType = sourcecode.swift; path = Group.swift; sourceTree = "<group>"; };
/* End PBXFileReference section */

/* Begin PBXFrameworksBuildPhase section */
		566EA5E02AC5D61100688D08 /* Frameworks */ = {
			isa = PBXFrameworksBuildPhase;
			buildActionMask = 2147483647;
			files = (
			);
			runOnlyForDeploymentPostprocessing = 0;
		};
/* End PBXFrameworksBuildPhase section */

/* Begin PBXGroup section */
		563DEA5A2AE938A8001938C7 /* EntityProfileView */ = {
			isa = PBXGroup;
			children = (
				563DEA5B2AE938F6001938C7 /* EntityProfileView.swift */,
				563DEA5D2AE93B55001938C7 /* SymbolsView.swift */,
			);
			path = EntityProfileView;
			sourceTree = "<group>";
		};
		566C5E972AEB13A0001B3866 /* Views */ = {
			isa = PBXGroup;
			children = (
				56BFA46E2AE3619300AEA8A1 /* HomeScreenView */,
				56BFA46F2AE361BC00AEA8A1 /* ThemeSelectView */,
				568A2F592AE60C660069F686 /* EntitySelectView */,
				563DEA5A2AE938A8001938C7 /* EntityProfileView */,
			);
			path = Views;
			sourceTree = "<group>";
		};
		566EA5DA2AC5D61100688D08 = {
			isa = PBXGroup;
			children = (
				566EA5E52AC5D61100688D08 /* PraQuemEuRezo */,
				566EA5E42AC5D61100688D08 /* Products */,
			);
			sourceTree = "<group>";
		};
		566EA5E42AC5D61100688D08 /* Products */ = {
			isa = PBXGroup;
			children = (
				566EA5E32AC5D61100688D08 /* PraQuemEuRezo.app */,
			);
			name = Products;
			sourceTree = "<group>";
		};
		566EA5E52AC5D61100688D08 /* PraQuemEuRezo */ = {
			isa = PBXGroup;
			children = (
				56BFA46D2AE3611900AEA8A1 /* App */,
				566C5E972AEB13A0001B3866 /* Views */,
				56BFA4702AE361D300AEA8A1 /* Models */,
				566EA5EA2AC5D61300688D08 /* Assets.xcassets */,
				566EA5EC2AC5D61300688D08 /* Preview Content */,
			);
			path = PraQuemEuRezo;
			sourceTree = "<group>";
		};
		566EA5EC2AC5D61300688D08 /* Preview Content */ = {
			isa = PBXGroup;
			children = (
				566EA5ED2AC5D61300688D08 /* Preview Assets.xcassets */,
			);
			path = "Preview Content";
			sourceTree = "<group>";
		};
		568A2F592AE60C660069F686 /* EntitySelectView */ = {
			isa = PBXGroup;
			children = (
				56FDE6842AE7142300459630 /* EntitySelectView.swift */,
				568A2F5E2AE6A6C40069F686 /* EntityView.swift */,
				568A2F602AE6C33F0069F686 /* TagsView.swift */,
			);
			path = EntitySelectView;
			sourceTree = "<group>";
		};
		56A74CA42AE36F93007E0904 /* Views */ = {
			isa = PBXGroup;
			children = (
				56A74CA52AE36FC4007E0904 /* DefaultButtonView.swift */,
				56D1A2F12AE4987100DAAA50 /* DefaultThemeView.swift */,
				566C5E952AEB03C0001B3866 /* JustifiedTextView.swift */,
			);
			path = Views;
			sourceTree = "<group>";
		};
		56BFA46D2AE3611900AEA8A1 /* App */ = {
			isa = PBXGroup;
			children = (
				566EA5E62AC5D61100688D08 /* PraQuemEuRezoApp.swift */,
				566EA5E82AC5D61100688D08 /* ContentView.swift */,
			);
			path = App;
			sourceTree = "<group>";
		};
		56BFA46E2AE3619300AEA8A1 /* HomeScreenView */ = {
			isa = PBXGroup;
			children = (
				56049DCD2AC724760019A00D /* HomeScreenView.swift */,
			);
			path = HomeScreenView;
			sourceTree = "<group>";
		};
		56BFA46F2AE361BC00AEA8A1 /* ThemeSelectView */ = {
			isa = PBXGroup;
			children = (
				56BFA4742AE3662C00AEA8A1 /* ThemeSelectView.swift */,
				56D1A2EF2AE4985000DAAA50 /* ThemeListView.swift */,
				567471022AEC50990034D00D /* ThemeListRowView.swift */,
			);
			path = ThemeSelectView;
			sourceTree = "<group>";
		};
		56BFA4702AE361D300AEA8A1 /* Models */ = {
			isa = PBXGroup;
			children = (
				56BFA4722AE3624600AEA8A1 /* MockObjects.swift */,
				56049DCB2AC71DB20019A00D /* Theme.swift */,
				56FDE6862AE7171D00459630 /* Entity.swift */,
				56FDE6882AE7187500459630 /* Group.swift */,
				563DEA5F2AE94164001938C7 /* Symbol.swift */,
				56A74CA42AE36F93007E0904 /* Views */,
			);
			path = Models;
			sourceTree = "<group>";
		};
/* End PBXGroup section */

/* Begin PBXNativeTarget section */
		566EA5E22AC5D61100688D08 /* PraQuemEuRezo */ = {
			isa = PBXNativeTarget;
			buildConfigurationList = 566EA5F12AC5D61300688D08 /* Build configuration list for PBXNativeTarget "PraQuemEuRezo" */;
			buildPhases = (
				566EA5DF2AC5D61100688D08 /* Sources */,
				566EA5E02AC5D61100688D08 /* Frameworks */,
				566EA5E12AC5D61100688D08 /* Resources */,
			);
			buildRules = (
			);
			dependencies = (
			);
			name = PraQuemEuRezo;
			productName = PraQuemEuRezo;
			productReference = 566EA5E32AC5D61100688D08 /* PraQuemEuRezo.app */;
			productType = "com.apple.product-type.application";
		};
/* End PBXNativeTarget section */

/* Begin PBXProject section */
		566EA5DB2AC5D61100688D08 /* Project object */ = {
			isa = PBXProject;
			attributes = {
				BuildIndependentTargetsInParallel = 1;
				LastSwiftUpdateCheck = 1320;
				LastUpgradeCheck = 1320;
				TargetAttributes = {
					566EA5E22AC5D61100688D08 = {
						CreatedOnToolsVersion = 13.2.1;
					};
				};
			};
			buildConfigurationList = 566EA5DE2AC5D61100688D08 /* Build configuration list for PBXProject "PraQuemEuRezo" */;
			compatibilityVersion = "Xcode 13.0";
			developmentRegion = en;
			hasScannedForEncodings = 0;
			knownRegions = (
				en,
				Base,
			);
			mainGroup = 566EA5DA2AC5D61100688D08;
			productRefGroup = 566EA5E42AC5D61100688D08 /* Products */;
			projectDirPath = "";
			projectRoot = "";
			targets = (
				566EA5E22AC5D61100688D08 /* PraQuemEuRezo */,
			);
		};
/* End PBXProject section */

/* Begin PBXResourcesBuildPhase section */
		566EA5E12AC5D61100688D08 /* Resources */ = {
			isa = PBXResourcesBuildPhase;
			buildActionMask = 2147483647;
			files = (
				566EA5EE2AC5D61300688D08 /* Preview Assets.xcassets in Resources */,
				566EA5EB2AC5D61300688D08 /* Assets.xcassets in Resources */,
			);
			runOnlyForDeploymentPostprocessing = 0;
		};
/* End PBXResourcesBuildPhase section */

/* Begin PBXSourcesBuildPhase section */
		566EA5DF2AC5D61100688D08 /* Sources */ = {
			isa = PBXSourcesBuildPhase;
			buildActionMask = 2147483647;
			files = (
				56FDE6852AE7142300459630 /* EntitySelectView.swift in Sources */,
				566C5E962AEB03C0001B3866 /* JustifiedTextView.swift in Sources */,
				568A2F5F2AE6A6C40069F686 /* EntityView.swift in Sources */,
				563DEA5C2AE938F6001938C7 /* EntityProfileView.swift in Sources */,
				56FDE6892AE7187500459630 /* Group.swift in Sources */,
				56BFA4752AE3662C00AEA8A1 /* ThemeSelectView.swift in Sources */,
				563DEA602AE94164001938C7 /* Symbol.swift in Sources */,
				566EA5E92AC5D61100688D08 /* ContentView.swift in Sources */,
				56BFA4732AE3624600AEA8A1 /* MockObjects.swift in Sources */,
				563DEA5E2AE93B55001938C7 /* SymbolsView.swift in Sources */,
				567471032AEC50990034D00D /* ThemeListRowView.swift in Sources */,
				56049DCE2AC724760019A00D /* HomeScreenView.swift in Sources */,
				56D1A2F22AE4987100DAAA50 /* DefaultThemeView.swift in Sources */,
				566EA5E72AC5D61100688D08 /* PraQuemEuRezoApp.swift in Sources */,
				568A2F612AE6C33F0069F686 /* TagsView.swift in Sources */,
				56049DCC2AC71DB20019A00D /* Theme.swift in Sources */,
				56FDE6872AE7171D00459630 /* Entity.swift in Sources */,
				56A74CA62AE36FC4007E0904 /* DefaultButtonView.swift in Sources */,
				56D1A2F02AE4985000DAAA50 /* ThemeListView.swift in Sources */,
			);
			runOnlyForDeploymentPostprocessing = 0;
		};
/* End PBXSourcesBuildPhase section */

/* Begin XCBuildConfiguration section */
		566EA5EF2AC5D61300688D08 /* Debug */ = {
			isa = XCBuildConfiguration;
			buildSettings = {
				ALWAYS_SEARCH_USER_PATHS = NO;
				CLANG_ANALYZER_NONNULL = YES;
				CLANG_ANALYZER_NUMBER_OBJECT_CONVERSION = YES_AGGRESSIVE;
				CLANG_CXX_LANGUAGE_STANDARD = "gnu++17";
				CLANG_CXX_LIBRARY = "libc++";
				CLANG_ENABLE_MODULES = YES;
				CLANG_ENABLE_OBJC_ARC = YES;
				CLANG_ENABLE_OBJC_WEAK = YES;
				CLANG_WARN_BLOCK_CAPTURE_AUTORELEASING = YES;
				CLANG_WARN_BOOL_CONVERSION = YES;
				CLANG_WARN_COMMA = YES;
				CLANG_WARN_CONSTANT_CONVERSION = YES;
				CLANG_WARN_DEPRECATED_OBJC_IMPLEMENTATIONS = YES;
				CLANG_WARN_DIRECT_OBJC_ISA_USAGE = YES_ERROR;
				CLANG_WARN_DOCUMENTATION_COMMENTS = YES;
				CLANG_WARN_EMPTY_BODY = YES;
				CLANG_WARN_ENUM_CONVERSION = YES;
				CLANG_WARN_INFINITE_RECURSION = YES;
				CLANG_WARN_INT_CONVERSION = YES;
				CLANG_WARN_NON_LITERAL_NULL_CONVERSION = YES;
				CLANG_WARN_OBJC_IMPLICIT_RETAIN_SELF = YES;
				CLANG_WARN_OBJC_LITERAL_CONVERSION = YES;
				CLANG_WARN_OBJC_ROOT_CLASS = YES_ERROR;
				CLANG_WARN_QUOTED_INCLUDE_IN_FRAMEWORK_HEADER = YES;
				CLANG_WARN_RANGE_LOOP_ANALYSIS = YES;
				CLANG_WARN_STRICT_PROTOTYPES = YES;
				CLANG_WARN_SUSPICIOUS_MOVE = YES;
				CLANG_WARN_UNGUARDED_AVAILABILITY = YES_AGGRESSIVE;
				CLANG_WARN_UNREACHABLE_CODE = YES;
				CLANG_WARN__DUPLICATE_METHOD_MATCH = YES;
				COPY_PHASE_STRIP = NO;
				DEBUG_INFORMATION_FORMAT = dwarf;
				ENABLE_STRICT_OBJC_MSGSEND = YES;
				ENABLE_TESTABILITY = YES;
				GCC_C_LANGUAGE_STANDARD = gnu11;
				GCC_DYNAMIC_NO_PIC = NO;
				GCC_NO_COMMON_BLOCKS = YES;
				GCC_OPTIMIZATION_LEVEL = 0;
				GCC_PREPROCESSOR_DEFINITIONS = (
					"DEBUG=1",
					"$(inherited)",
				);
				GCC_WARN_64_TO_32_BIT_CONVERSION = YES;
				GCC_WARN_ABOUT_RETURN_TYPE = YES_ERROR;
				GCC_WARN_UNDECLARED_SELECTOR = YES;
				GCC_WARN_UNINITIALIZED_AUTOS = YES_AGGRESSIVE;
				GCC_WARN_UNUSED_FUNCTION = YES;
				GCC_WARN_UNUSED_VARIABLE = YES;
				IPHONEOS_DEPLOYMENT_TARGET = 15.2;
				MTL_ENABLE_DEBUG_INFO = INCLUDE_SOURCE;
				MTL_FAST_MATH = YES;
				ONLY_ACTIVE_ARCH = YES;
				SDKROOT = iphoneos;
				SWIFT_ACTIVE_COMPILATION_CONDITIONS = DEBUG;
				SWIFT_OPTIMIZATION_LEVEL = "-Onone";
			};
			name = Debug;
		};
		566EA5F02AC5D61300688D08 /* Release */ = {
			isa = XCBuildConfiguration;
			buildSettings = {
				ALWAYS_SEARCH_USER_PATHS = NO;
				CLANG_ANALYZER_NONNULL = YES;
				CLANG_ANALYZER_NUMBER_OBJECT_CONVERSION = YES_AGGRESSIVE;
				CLANG_CXX_LANGUAGE_STANDARD = "gnu++17";
				CLANG_CXX_LIBRARY = "libc++";
				CLANG_ENABLE_MODULES = YES;
				CLANG_ENABLE_OBJC_ARC = YES;
				CLANG_ENABLE_OBJC_WEAK = YES;
				CLANG_WARN_BLOCK_CAPTURE_AUTORELEASING = YES;
				CLANG_WARN_BOOL_CONVERSION = YES;
				CLANG_WARN_COMMA = YES;
				CLANG_WARN_CONSTANT_CONVERSION = YES;
				CLANG_WARN_DEPRECATED_OBJC_IMPLEMENTATIONS = YES;
				CLANG_WARN_DIRECT_OBJC_ISA_USAGE = YES_ERROR;
				CLANG_WARN_DOCUMENTATION_COMMENTS = YES;
				CLANG_WARN_EMPTY_BODY = YES;
				CLANG_WARN_ENUM_CONVERSION = YES;
				CLANG_WARN_INFINITE_RECURSION = YES;
				CLANG_WARN_INT_CONVERSION = YES;
				CLANG_WARN_NON_LITERAL_NULL_CONVERSION = YES;
				CLANG_WARN_OBJC_IMPLICIT_RETAIN_SELF = YES;
				CLANG_WARN_OBJC_LITERAL_CONVERSION = YES;
				CLANG_WARN_OBJC_ROOT_CLASS = YES_ERROR;
				CLANG_WARN_QUOTED_INCLUDE_IN_FRAMEWORK_HEADER = YES;
				CLANG_WARN_RANGE_LOOP_ANALYSIS = YES;
				CLANG_WARN_STRICT_PROTOTYPES = YES;
				CLANG_WARN_SUSPICIOUS_MOVE = YES;
				CLANG_WARN_UNGUARDED_AVAILABILITY = YES_AGGRESSIVE;
				CLANG_WARN_UNREACHABLE_CODE = YES;
				CLANG_WARN__DUPLICATE_METHOD_MATCH = YES;
				COPY_PHASE_STRIP = NO;
				DEBUG_INFORMATION_FORMAT = "dwarf-with-dsym";
				ENABLE_NS_ASSERTIONS = NO;
				ENABLE_STRICT_OBJC_MSGSEND = YES;
				GCC_C_LANGUAGE_STANDARD = gnu11;
				GCC_NO_COMMON_BLOCKS = YES;
				GCC_WARN_64_TO_32_BIT_CONVERSION = YES;
				GCC_WARN_ABOUT_RETURN_TYPE = YES_ERROR;
				GCC_WARN_UNDECLARED_SELECTOR = YES;
				GCC_WARN_UNINITIALIZED_AUTOS = YES_AGGRESSIVE;
				GCC_WARN_UNUSED_FUNCTION = YES;
				GCC_WARN_UNUSED_VARIABLE = YES;
				IPHONEOS_DEPLOYMENT_TARGET = 15.2;
				MTL_ENABLE_DEBUG_INFO = NO;
				MTL_FAST_MATH = YES;
				SDKROOT = iphoneos;
				SWIFT_COMPILATION_MODE = wholemodule;
				SWIFT_OPTIMIZATION_LEVEL = "-O";
				VALIDATE_PRODUCT = YES;
			};
			name = Release;
		};
		566EA5F22AC5D61300688D08 /* Debug */ = {
			isa = XCBuildConfiguration;
			buildSettings = {
				ASSETCATALOG_COMPILER_APPICON_NAME = AppIcon;
				ASSETCATALOG_COMPILER_GLOBAL_ACCENT_COLOR_NAME = AccentColor;
				CODE_SIGN_STYLE = Automatic;
				CURRENT_PROJECT_VERSION = 1;
				DEVELOPMENT_ASSET_PATHS = "\"PraQuemEuRezo/Preview Content\"";
				ENABLE_PREVIEWS = YES;
				GENERATE_INFOPLIST_FILE = YES;
				INFOPLIST_KEY_UIApplicationSceneManifest_Generation = YES;
				INFOPLIST_KEY_UIApplicationSupportsIndirectInputEvents = YES;
				INFOPLIST_KEY_UILaunchScreen_Generation = YES;
				INFOPLIST_KEY_UISupportedInterfaceOrientations_iPad = "UIInterfaceOrientationPortrait UIInterfaceOrientationPortraitUpsideDown UIInterfaceOrientationLandscapeLeft UIInterfaceOrientationLandscapeRight";
				INFOPLIST_KEY_UISupportedInterfaceOrientations_iPhone = "UIInterfaceOrientationPortrait UIInterfaceOrientationLandscapeLeft UIInterfaceOrientationLandscapeRight";
				LD_RUNPATH_SEARCH_PATHS = (
					"$(inherited)",
					"@executable_path/Frameworks",
				);
				MARKETING_VERSION = 1.0;
				PRODUCT_BUNDLE_IDENTIFIER = com.pb.PraQuemEuRezo;
				PRODUCT_NAME = "$(TARGET_NAME)";
				SWIFT_EMIT_LOC_STRINGS = YES;
				SWIFT_VERSION = 5.0;
				TARGETED_DEVICE_FAMILY = "1,2";
			};
			name = Debug;
		};
		566EA5F32AC5D61300688D08 /* Release */ = {
			isa = XCBuildConfiguration;
			buildSettings = {
				ASSETCATALOG_COMPILER_APPICON_NAME = AppIcon;
				ASSETCATALOG_COMPILER_GLOBAL_ACCENT_COLOR_NAME = AccentColor;
				CODE_SIGN_STYLE = Automatic;
				CURRENT_PROJECT_VERSION = 1;
				DEVELOPMENT_ASSET_PATHS = "\"PraQuemEuRezo/Preview Content\"";
				ENABLE_PREVIEWS = YES;
				GENERATE_INFOPLIST_FILE = YES;
				INFOPLIST_KEY_UIApplicationSceneManifest_Generation = YES;
				INFOPLIST_KEY_UIApplicationSupportsIndirectInputEvents = YES;
				INFOPLIST_KEY_UILaunchScreen_Generation = YES;
				INFOPLIST_KEY_UISupportedInterfaceOrientations_iPad = "UIInterfaceOrientationPortrait UIInterfaceOrientationPortraitUpsideDown UIInterfaceOrientationLandscapeLeft UIInterfaceOrientationLandscapeRight";
				INFOPLIST_KEY_UISupportedInterfaceOrientations_iPhone = "UIInterfaceOrientationPortrait UIInterfaceOrientationLandscapeLeft UIInterfaceOrientationLandscapeRight";
				LD_RUNPATH_SEARCH_PATHS = (
					"$(inherited)",
					"@executable_path/Frameworks",
				);
				MARKETING_VERSION = 1.0;
				PRODUCT_BUNDLE_IDENTIFIER = com.pb.PraQuemEuRezo;
				PRODUCT_NAME = "$(TARGET_NAME)";
				SWIFT_EMIT_LOC_STRINGS = YES;
				SWIFT_VERSION = 5.0;
				TARGETED_DEVICE_FAMILY = "1,2";
			};
			name = Release;
		};
/* End XCBuildConfiguration section */

/* Begin XCConfigurationList section */
		566EA5DE2AC5D61100688D08 /* Build configuration list for PBXProject "PraQuemEuRezo" */ = {
			isa = XCConfigurationList;
			buildConfigurations = (
				566EA5EF2AC5D61300688D08 /* Debug */,
				566EA5F02AC5D61300688D08 /* Release */,
			);
			defaultConfigurationIsVisible = 0;
			defaultConfigurationName = Release;
		};
		566EA5F12AC5D61300688D08 /* Build configuration list for PBXNativeTarget "PraQuemEuRezo" */ = {
			isa = XCConfigurationList;
			buildConfigurations = (
				566EA5F22AC5D61300688D08 /* Debug */,
				566EA5F32AC5D61300688D08 /* Release */,
			);
			defaultConfigurationIsVisible = 0;
			defaultConfigurationName = Release;
		};
/* End XCConfigurationList section */
	};
	rootObject = 566EA5DB2AC5D61100688D08 /* Project object */;
}
